<?xml version="1.0" encoding="utf-8"?>
<Project ToolsVersion="4.0" xmlns="http://schemas.microsoft.com/developer/msbuild/2003">
  <ItemGroup>
    <Filter Include="Source Files">
      <UniqueIdentifier>{42851fc6-81b8-483f-9f22-27e46444e259}</UniqueIdentifier>
      <Extensions>cpp;c;cxx;rc;def;r;odl;hpj;bat;for;f90</Extensions>
    </Filter>
    <Filter Include="Header Files">
      <UniqueIdentifier>{28632704-8e80-4bcc-8ea9-c6c3ce8e9f1b}</UniqueIdentifier>
      <Extensions>h;hpp;hxx;hm;inl;fi;fd</Extensions>
    </Filter>
    <Filter Include="Resource Files">
      <UniqueIdentifier>{4b12f19c-076b-4d19-9311-d01b18475dc4}</UniqueIdentifier>
      <Extensions>ico;cur;bmp;dlg;rc2;rct;bin;cnt;rtf;gif;jpg;jpeg;jpe</Extensions>
    </Filter>
    <Filter Include="Packages">
      <UniqueIdentifier>{a76747a6-c7f5-41e2-ba96-f15e8652d90a}</UniqueIdentifier>
      <Extensions>vcx;vcp;vcw</Extensions>
    </Filter>
  </ItemGroup>
  <ItemGroup>
    <ClCompile Include="BMPBTN.CPP">
      <Filter>Source Files</Filter>
    </ClCompile>
    <ClCompile Include="cfgtbar.cpp">
      <Filter>Source Files</Filter>
    </ClCompile>
    <ClCompile Include="CLRLABEL.CPP">
      <Filter>Source Files</Filter>
    </ClCompile>
    <ClCompile Include="DIB.CPP">
      <Filter>Source Files</Filter>
    </ClCompile>
    <ClCompile Include="DRAGDOCK.CPP">
      <Filter>Source Files</Filter>
    </ClCompile>
    <ClCompile Include="FRAMEWND.CPP">
      <Filter>Source Files</Filter>
    </ClCompile>
    <ClCompile Include="mdifloat.cpp">
      <Filter>Source Files</Filter>
    </ClCompile>
    <ClCompile Include="MRCANIMA.CPP">
      <Filter>Source Files</Filter>
    </ClCompile>
    <ClCompile Include="MRCEXT.CPP">
      <Filter>Source Files</Filter>
    </ClCompile>
    <ClCompile Include="MRCSTAFX.CPP">
      <Filter>Source Files</Filter>
    </ClCompile>
    <ClCompile Include="SIZECONT.CPP">
      <Filter>Source Files</Filter>
    </ClCompile>
    <ClCompile Include="SIZEDLG.CPP">
      <Filter>Source Files</Filter>
    </ClCompile>
    <ClCompile Include="SIZEDOCK.CPP">
      <Filter>Source Files</Filter>
    </ClCompile>
    <ClCompile Include="SZTOOLBA.CPP">
      <Filter>Source Files</Filter>
    </ClCompile>
  </ItemGroup>
  <ItemGroup>
    <ResourceCompile Include="MRCEXT.RC">
      <Filter>Source Files</Filter>
    </ResourceCompile>
  </ItemGroup>
  <ItemGroup>
    <Text Include="readme.txt">
      <Filter>Source Files</Filter>
    </Text>
  </ItemGroup>
  <ItemGroup>
    <ClInclude Include="cfgTbar.h">
      <Filter>Header Files</Filter>
    </ClInclude>
    <ClInclude Include="..\inc\mrcext.h">
      <Filter>Header Files</Filter>
    </ClInclude>
    <ClInclude Include="Mrcpriv.h">
      <Filter>Header Files</Filter>
    </ClInclude>
    <ClInclude Include="Mrcstafx.h">
      <Filter>Header Files</Filter>
    </ClInclude>
    <ClInclude Include="occimpl.h">
      <Filter>Header Files</Filter>
    </ClInclude>
    <ClInclude Include="ocdb.h">
      <Filter>Header Files</Filter>
    </ClInclude>
    <ClInclude Include="ocdbid.h">
      <Filter>Header Files</Filter>
    </ClInclude>
    <ClInclude Include="olebind.h">
      <Filter>Header Files</Filter>
    </ClInclude>
    <ClInclude Include="mrcresrc.h">
      <Filter>Header Files</Filter>
    </ClInclude>
  </ItemGroup>
  <ItemGroup>
    <None Include="MRCEXT.RC2">
      <Filter>Resource Files</Filter>
    </None>
    <None Include="..\Mrcext.vcx">
      <Filter>Packages</Filter>
    </None>
    <None Include="Uml\mrcext4.vcp">
      <Filter>Packages</Filter>
    </None>
  </ItemGroup>
</Project>