<?xml version="1.0" encoding="utf-8"?>
<Project ToolsVersion="4.0" xmlns="http://schemas.microsoft.com/developer/msbuild/2003">
  <ItemGroup>
    <Filter Include="Source Files">
      <UniqueIdentifier>{011bac0d-824e-421c-a983-fffc46e04de2}</UniqueIdentifier>
      <Extensions>cpp;c;cxx;rc;def;r;odl;idl;hpj;bat</Extensions>
    </Filter>
    <Filter Include="Header Files">
      <UniqueIdentifier>{73d1a8f7-55ea-4fb2-b421-694408a72100}</UniqueIdentifier>
      <Extensions>h;hpp;hxx;hm;inl</Extensions>
    </Filter>
    <Filter Include="Resource Files">
      <UniqueIdentifier>{9daf661b-1c2a-4898-807f-b126b34d66e6}</UniqueIdentifier>
      <Extensions>ico;cur;bmp;dlg;rc2;rct;bin;rgs;gif;jpg;jpeg;jpe</Extensions>
    </Filter>
    <Filter Include="Packages">
      <UniqueIdentifier>{709aec50-dbb7-434c-b3c3-882e556faffb}</UniqueIdentifier>
      <Extensions>vcx;vcp;vcw</Extensions>
    </Filter>
  </ItemGroup>
  <ItemGroup>
    <ClCompile Include="gxabstr.cpp">
      <Filter>Source Files</Filter>
    </ClCompile>
    <ClCompile Include="Gxapp.cpp">
      <Filter>Source Files</Filter>
    </ClCompile>
    <ClCompile Include="gxautscr.cpp">
      <Filter>Source Files</Filter>
    </ClCompile>
    <ClCompile Include="gxcalcsi.cpp">
      <Filter>Source Files</Filter>
    </ClCompile>
    <ClCompile Include="gxcbmbtn.cpp">
      <Filter>Source Files</Filter>
    </ClCompile>
    <ClCompile Include="gxccbbox.cpp">
      <Filter>Source Files</Filter>
    </ClCompile>
    <ClCompile Include="gxccheck.cpp">
      <Filter>Source Files</Filter>
    </ClCompile>
    <ClCompile Include="gxccombo.cpp">
      <Filter>Source Files</Filter>
    </ClCompile>
    <ClCompile Include="gxcedhot.cpp">
      <Filter>Source Files</Filter>
    </ClCompile>
    <ClCompile Include="gxcedit.cpp">
      <Filter>Source Files</Filter>
    </ClCompile>
    <ClCompile Include="gxcedspn.cpp">
      <Filter>Source Files</Filter>
    </ClCompile>
    <ClCompile Include="gxcharro.cpp">
      <Filter>Source Files</Filter>
    </ClCompile>
    <ClCompile Include="gxchbmbt.cpp">
      <Filter>Source Files</Filter>
    </ClCompile>
    <ClCompile Include="gxchbtn.cpp">
      <Filter>Source Files</Filter>
    </ClCompile>
    <ClCompile Include="gxchcbbt.cpp">
      <Filter>Source Files</Filter>
    </ClCompile>
    <ClCompile Include="gxchead.cpp">
      <Filter>Source Files</Filter>
    </ClCompile>
    <ClCompile Include="gxchhsbt.cpp">
      <Filter>Source Files</Filter>
    </ClCompile>
    <ClCompile Include="gxchild.cpp">
      <Filter>Source Files</Filter>
    </ClCompile>
    <ClCompile Include="gxclear.cpp">
      <Filter>Source Files</Filter>
    </ClCompile>
    <ClCompile Include="Gxcoll.cpp">
      <Filter>Source Files</Filter>
    </ClCompile>
    <ClCompile Include="gxcorabs.cpp">
      <Filter>Source Files</Filter>
    </ClCompile>
    <ClCompile Include="gxcorbuf.cpp">
      <Filter>Source Files</Filter>
    </ClCompile>
    <ClCompile Include="gxcorclp.cpp">
      <Filter>Source Files</Filter>
    </ClCompile>
    <ClCompile Include="gxcorcur.cpp">
      <Filter>Source Files</Filter>
    </ClCompile>
    <ClCompile Include="gxcordim.cpp">
      <Filter>Source Files</Filter>
    </ClCompile>
    <ClCompile Include="gxcordra.CPP">
      <Filter>Source Files</Filter>
    </ClCompile>
    <ClCompile Include="Gxcore.cpp">
      <Filter>Source Files</Filter>
    </ClCompile>
    <ClCompile Include="gxcoret.cpp">
      <Filter>Source Files</Filter>
    </ClCompile>
    <ClCompile Include="gxcorfit.cpp">
      <Filter>Source Files</Filter>
    </ClCompile>
    <ClCompile Include="gxcorfr.cpp">
      <Filter>Source Files</Filter>
    </ClCompile>
    <ClCompile Include="gxcorfri.cpp">
      <Filter>Source Files</Filter>
    </ClCompile>
    <ClCompile Include="gxcormsg.cpp">
      <Filter>Source Files</Filter>
    </ClCompile>
    <ClCompile Include="gxcorprn.cpp">
      <Filter>Source Files</Filter>
    </ClCompile>
    <ClCompile Include="gxcorscr.cpp">
      <Filter>Source Files</Filter>
    </ClCompile>
    <ClCompile Include="gxcorsel.cpp">
      <Filter>Source Files</Filter>
    </ClCompile>
    <ClCompile Include="gxcorsiz.cpp">
      <Filter>Source Files</Filter>
    </ClCompile>
    <ClCompile Include="gxcorsty.cpp">
      <Filter>Source Files</Filter>
    </ClCompile>
    <ClCompile Include="gxcpmov.cpp">
      <Filter>Source Files</Filter>
    </ClCompile>
    <ClCompile Include="gxcpmovd.cpp">
      <Filter>Source Files</Filter>
    </ClCompile>
    <ClCompile Include="gxcpush.cpp">
      <Filter>Source Files</Filter>
    </ClCompile>
    <ClCompile Include="gxcradio.cpp">
      <Filter>Source Files</Filter>
    </ClCompile>
    <ClCompile Include="gxcstat.cpp">
      <Filter>Source Files</Filter>
    </ClCompile>
    <ClCompile Include="Gxctrl.cpp">
      <Filter>Source Files</Filter>
    </ClCompile>
    <ClCompile Include="gxcvedit.cpp">
      <Filter>Source Files</Filter>
    </ClCompile>
    <ClCompile Include="gxcvrcel.cpp">
      <Filter>Source Files</Filter>
    </ClCompile>
    <ClCompile Include="gxcvrdra.cpp">
      <Filter>Source Files</Filter>
    </ClCompile>
    <ClCompile Include="Gxdata.cpp">
      <Filter>Source Files</Filter>
    </ClCompile>
    <ClCompile Include="gxdib.cpp">
      <Filter>Source Files</Filter>
    </ClCompile>
    <ClCompile Include="gxdll.cpp">
      <Filter>Source Files</Filter>
    </ClCompile>
    <ClCompile Include="Gxdrawx.cpp">
      <Filter>Source Files</Filter>
    </ClCompile>
    <ClCompile Include="gxdrgwnd.cpp">
      <Filter>Source Files</Filter>
    </ClCompile>
    <ClCompile Include="gxdxtext.cpp">
      <Filter>Source Files</Filter>
    </ClCompile>
    <ClCompile Include="gxfactry.cpp">
      <Filter>Source Files</Filter>
    </ClCompile>
    <ClCompile Include="gxfreeze.cpp">
      <Filter>Source Files</Filter>
    </ClCompile>
    <ClCompile Include="gxgmouse.cpp">
      <Filter>Source Files</Filter>
    </ClCompile>
    <ClCompile Include="gxgmousw.cpp">
      <Filter>Source Files</Filter>
    </ClCompile>
    <ClCompile Include="gxgscrlt.cpp">
      <Filter>Source Files</Filter>
    </ClCompile>
    <ClCompile Include="gxhide.cpp">
      <Filter>Source Files</Filter>
    </ClCompile>
    <ClCompile Include="Gxhint.cpp">
      <Filter>Source Files</Filter>
    </ClCompile>
    <ClCompile Include="gxhinti.cpp">
      <Filter>Source Files</Filter>
    </ClCompile>
    <ClCompile Include="gximouse.cpp">
      <Filter>Source Files</Filter>
    </ClCompile>
    <ClCompile Include="gximousw.cpp">
      <Filter>Source Files</Filter>
    </ClCompile>
    <ClCompile Include="gxinl.cpp">
      <Filter>Source Files</Filter>
    </ClCompile>
    <ClCompile Include="gxmarked.cpp">
      <Filter>Source Files</Filter>
    </ClCompile>
    <ClCompile Include="gxmoverc.cpp">
      <Filter>Source Files</Filter>
    </ClCompile>
    <ClCompile Include="Gxparam.cpp">
      <Filter>Source Files</Filter>
    </ClCompile>
    <ClCompile Include="gxplugin.cpp">
      <Filter>Source Files</Filter>
    </ClCompile>
    <ClCompile Include="Gxprndev.cpp">
      <Filter>Source Files</Filter>
    </ClCompile>
    <ClCompile Include="gxprof.cpp">
      <Filter>Source Files</Filter>
    </ClCompile>
    <ClCompile Include="Gxprp.cpp">
      <Filter>Source Files</Filter>
    </ClCompile>
    <ClCompile Include="Gxprpdlg.cpp">
      <Filter>Source Files</Filter>
    </ClCompile>
    <ClCompile Include="Gxrange.cpp">
      <Filter>Source Files</Filter>
    </ClCompile>
    <ClCompile Include="gxscrltp.cpp">
      <Filter>Source Files</Filter>
    </ClCompile>
    <ClCompile Include="gxseldrg.cpp">
      <Filter>Source Files</Filter>
    </ClCompile>
    <ClCompile Include="gxselgrx.cpp">
      <Filter>Source Files</Filter>
    </ClCompile>
    <ClCompile Include="gxselrgu.cpp">
      <Filter>Source Files</Filter>
    </ClCompile>
    <ClCompile Include="gxsizeu.cpp">
      <Filter>Source Files</Filter>
    </ClCompile>
    <ClCompile Include="GXSplit.cpp">
      <Filter>Source Files</Filter>
    </ClCompile>
    <ClCompile Include="Gxstydlg.cpp">
      <Filter>Source Files</Filter>
    </ClCompile>
    <ClCompile Include="gxstygd2.cpp">
      <Filter>Source Files</Filter>
    </ClCompile>
    <ClCompile Include="gxstygd3.cpp">
      <Filter>Source Files</Filter>
    </ClCompile>
    <ClCompile Include="gxstygdi.cpp">
      <Filter>Source Files</Filter>
    </ClCompile>
    <ClCompile Include="gxstyle2.cpp">
      <Filter>Source Files</Filter>
    </ClCompile>
    <ClCompile Include="Gxstyles.cpp">
      <Filter>Source Files</Filter>
    </ClCompile>
    <ClCompile Include="gxstymap.cpp">
      <Filter>Source Files</Filter>
    </ClCompile>
    <ClCompile Include="gxstyua.cpp">
      <Filter>Source Files</Filter>
    </ClCompile>
    <ClCompile Include="gxstyuai.cpp">
      <Filter>Source Files</Filter>
    </ClCompile>
    <ClCompile Include="Gxtbeam.cpp">
      <Filter>Source Files</Filter>
    </ClCompile>
    <ClCompile Include="Gxtime.cpp">
      <Filter>Source Files</Filter>
    </ClCompile>
    <ClCompile Include="gxttn.cpp">
      <Filter>Source Files</Filter>
    </ClCompile>
    <ClCompile Include="gxtwnd.cpp">
      <Filter>Source Files</Filter>
    </ClCompile>
    <ClCompile Include="gxupdopt.cpp">
      <Filter>Source Files</Filter>
    </ClCompile>
    <ClCompile Include="Gxview.cpp">
      <Filter>Source Files</Filter>
    </ClCompile>
    <ClCompile Include="gxviewt.cpp">
      <Filter>Source Files</Filter>
    </ClCompile>
    <ClCompile Include="Gxvw.cpp">
      <Filter>Source Files</Filter>
    </ClCompile>
    <ClCompile Include="Gxwait.cpp">
      <Filter>Source Files</Filter>
    </ClCompile>
    <ClCompile Include="gxwnd.cpp">
      <Filter>Source Files</Filter>
    </ClCompile>
    <ClCompile Include="StdAfx.cpp">
      <Filter>Source Files</Filter>
    </ClCompile>
  </ItemGroup>
  <ItemGroup>
    <None Include="ogmsasd.DEF">
      <Filter>Source Files</Filter>
    </None>
    <None Include="RES\GXCOLUMN.CUR">
      <Filter>Resource Files</Filter>
    </None>
    <None Include="RES\GXHEIGHT.CUR">
      <Filter>Resource Files</Filter>
    </None>
    <None Include="RES\GXIMA.CUR">
      <Filter>Resource Files</Filter>
    </None>
    <None Include="RES\GXIMD.CUR">
      <Filter>Resource Files</Filter>
    </None>
    <None Include="RES\GXIML.CUR">
      <Filter>Resource Files</Filter>
    </None>
    <None Include="RES\GXIMR.CUR">
      <Filter>Resource Files</Filter>
    </None>
    <None Include="RES\GXIMU.CUR">
      <Filter>Resource Files</Filter>
    </None>
    <None Include="RES\GXROW.CUR">
      <Filter>Resource Files</Filter>
    </None>
    <None Include="RES\GXSELDRG.CUR">
      <Filter>Resource Files</Filter>
    </None>
    <None Include="RES\GXSPLITH.CUR">
      <Filter>Resource Files</Filter>
    </None>
    <None Include="RES\GXWIDTH.CUR">
      <Filter>Resource Files</Filter>
    </None>
    <None Include="Uml\ogmSasD.vcp">
      <Filter>Packages</Filter>
    </None>
    <None Include="..\ogmSasD.vcx">
      <Filter>Packages</Filter>
    </None>
  </ItemGroup>
  <ItemGroup>
    <ClInclude Include="gxresflt.h">
      <Filter>Header Files</Filter>
    </ClInclude>
    <ClInclude Include="gxresrc.h">
      <Filter>Header Files</Filter>
    </ClInclude>
    <ClInclude Include="StdAfx.h">
      <Filter>Header Files</Filter>
    </ClInclude>
  </ItemGroup>
  <ItemGroup>
    <Image Include="RES\GX3D95.BMP">
      <Filter>Resource Files</Filter>
    </Image>
    <Image Include="RES\GX3DCTRL.BMP">
      <Filter>Resource Files</Filter>
    </Image>
    <Image Include="RES\GXCHK31.BMP">
      <Filter>Resource Files</Filter>
    </Image>
    <Image Include="RES\GXCHK95.BMP">
      <Filter>Resource Files</Filter>
    </Image>
    <Image Include="RES\GXCHKNT.BMP">
      <Filter>Resource Files</Filter>
    </Image>
    <Image Include="RES\GXIMALL.BMP">
      <Filter>Resource Files</Filter>
    </Image>
    <Image Include="RES\GXIMHORZ.BMP">
      <Filter>Resource Files</Filter>
    </Image>
    <Image Include="RES\GXIMVERT.BMP">
      <Filter>Resource Files</Filter>
    </Image>
    <Image Include="RES\GXTTFONT.BMP">
      <Filter>Resource Files</Filter>
    </Image>
  </ItemGroup>
  <ItemGroup>
    <ResourceCompile Include="GxDll.rc">
      <Filter>Resource Files</Filter>
    </ResourceCompile>
  </ItemGroup>
  <ItemGroup>
    <Text Include="ReadMe.txt" />
  </ItemGroup>
</Project>